PODS:
  - YYCategoryKit (0.0.3):
    - YYCategoryKit/NSBundle (= 0.0.3)
    - YYCategoryKit/NSDictionary (= 0.0.3)
    - YYCategoryKit/NSObject (= 0.0.3)
    - YYCategoryKit/UIAlertController (= 0.0.3)
    - YYCategoryKit/UIApplication (= 0.0.3)
    - YYCategoryKit/UIBarButtonItem (= 0.0.3)
    - YYCategoryKit/UIControl (= 0.0.3)
    - YYCategoryKit/UIDevice (= 0.0.3)
    - YYCategoryKit/UIView (= 0.0.3)
  - YYCategoryKit/NSBundle (0.0.3)
  - YYCategoryKit/NSDictionary (0.0.3)
  - YYCategoryKit/NSObject (0.0.3)
  - YYCategoryKit/UIAlertController (0.0.3)
  - YYCategoryKit/UIApplication (0.0.3)
  - YYCategoryKit/UIBarButtonItem (0.0.3)
  - YYCategoryKit/UIControl (0.0.3)
  - YYCategoryKit/UIDevice (0.0.3)
  - YYCategoryKit/UIView (0.0.3)

DEPENDENCIES:
  - YYCategoryKit (from `../`)

EXTERNAL SOURCES:
  YYCategoryKit:
    :path: ../

SPEC CHECKSUMS:
  YYCategoryKit: f5bdafefceea4d9b3fa34f97b6d690a33c539125

PODFILE CHECKSUM: 9532b998b91de2e9cc0d732780373a4a5cdbb0dd

COCOAPODS: 1.4.0
